
Microsoft Visual Studio Solution File, Format Version 12.00
# Visual Studio Version 16
VisualStudioVersion = 16.0.30309.148
MinimumVisualStudioVersion = 10.0.40219.1
Project("{FAE04EC0-301F-11D3-BF4B-00C04F79EFBC}") = "Fare.Api", "Fare.Api\Fare.Api.csproj", "{F2718B78-EC6A-4256-8693-576149A88799}"
EndProject
Project("{FAE04EC0-301F-11D3-BF4B-00C04F79EFBC}") = "Fare.Library", "Fare.Library\Fare.Library.csproj", "{8521F239-24EE-4326-B596-47D4B02FDD89}"
EndProject
Global
	GlobalSection(SolutionConfigurationPlatforms) = preSolution
		Debug|Any CPU = Debug|Any CPU
		Release|Any CPU = Release|Any CPU
	EndGlobalSection
	GlobalSection(ProjectConfigurationPlatforms) = postSolution
		{F2718B78-EC6A-4256-8693-576149A88799}.Debug|Any CPU.ActiveCfg = Debug|Any CPU
		{F2718B78-EC6A-4256-8693-576149A88799}.Debug|Any CPU.Build.0 = Debug|Any CPU
		{F2718B78-EC6A-4256-8693-576149A88799}.Release|Any CPU.ActiveCfg = Release|Any CPU
		{F2718B78-EC6A-4256-8693-576149A88799}.Release|Any CPU.Build.0 = Release|Any CPU
		{8521F239-24EE-4326-B596-47D4B02FDD89}.Debug|Any CPU.ActiveCfg = Debug|Any CPU
		{8521F239-24EE-4326-B596-47D4B02FDD89}.Debug|Any CPU.Build.0 = Debug|Any CPU
		{8521F239-24EE-4326-B596-47D4B02FDD89}.Release|Any CPU.ActiveCfg = Release|Any CPU
		{8521F239-24EE-4326-B596-47D4B02FDD89}.Release|Any CPU.Build.0 = Release|Any CPU
	EndGlobalSection
	GlobalSection(SolutionProperties) = preSolution
		HideSolutionNode = FALSE
	EndGlobalSection
	GlobalSection(ExtensibilityGlobals) = postSolution
		SolutionGuid = {2AA3CC0B-3228-43C0-ABB8-1657BF017EAD}
	EndGlobalSection
EndGlobal
